// !$*UTF8*$!
{
	archiveVersion = 1;
	classes = {
	};
	objectVersion = 56;
	objects = {

/* Begin PBXBuildFile section */
		311CF1412C2F0B1F0038B35D /* AddWebsite.swift in Sources */ = {isa = PBXBuildFile; fileRef = 311CF1402C2F0B1F0038B35D /* AddWebsite.swift */; };
		311CF1432C2F0BDF0038B35D /* PopupView.swift in Sources */ = {isa = PBXBuildFile; fileRef = 311CF1422C2F0BDF0038B35D /* PopupView.swift */; };
		31AA67CC2C31693B007C7E8C /* blockerList.json in Resources */ = {isa = PBXBuildFile; fileRef = 31AA67CB2C31693B007C7E8C /* blockerList.json */; };
		31AA67CE2C31693B007C7E8C /* ContentBlockerRequestHandler.swift in Sources */ = {isa = PBXBuildFile; fileRef = 31AA67CD2C31693B007C7E8C /* ContentBlockerRequestHandler.swift */; };
		31AA67D22C31693B007C7E8C /* ContentBlocker.appex in Embed Foundation Extensions */ = {isa = PBXBuildFile; fileRef = 31AA67C92C31693B007C7E8C /* ContentBlocker.appex */; settings = {ATTRIBUTES = (RemoveHeadersOnCopy, ); }; };
		31B5E96D2C2C1396005394AF /* BlockWebsiteApp.swift in Sources */ = {isa = PBXBuildFile; fileRef = 31B5E96C2C2C1396005394AF /* BlockWebsiteApp.swift */; };
		31B5E96F2C2C1396005394AF /* ContentView.swift in Sources */ = {isa = PBXBuildFile; fileRef = 31B5E96E2C2C1396005394AF /* ContentView.swift */; };
		31B5E9712C2C1397005394AF /* Assets.xcassets in Resources */ = {isa = PBXBuildFile; fileRef = 31B5E9702C2C1397005394AF /* Assets.xcassets */; };
		31B5E9742C2C1397005394AF /* Preview Assets.xcassets in Resources */ = {isa = PBXBuildFile; fileRef = 31B5E9732C2C1397005394AF /* Preview Assets.xcassets */; };
		31B5E97E2C2C1397005394AF /* BlockWebsiteTests.swift in Sources */ = {isa = PBXBuildFile; fileRef = 31B5E97D2C2C1397005394AF /* BlockWebsiteTests.swift */; };
		31B5E9882C2C1397005394AF /* BlockWebsiteUITests.swift in Sources */ = {isa = PBXBuildFile; fileRef = 31B5E9872C2C1397005394AF /* BlockWebsiteUITests.swift */; };
		31B5E98A2C2C1397005394AF /* BlockWebsiteUITestsLaunchTests.swift in Sources */ = {isa = PBXBuildFile; fileRef = 31B5E9892C2C1397005394AF /* BlockWebsiteUITestsLaunchTests.swift */; };
		31B5E9982C2C180F005394AF /* MoreView.swift in Sources */ = {isa = PBXBuildFile; fileRef = 31B5E9972C2C180F005394AF /* MoreView.swift */; };
		31B5E99A2C2C1851005394AF /* AddItemView.swift in Sources */ = {isa = PBXBuildFile; fileRef = 31B5E9992C2C1851005394AF /* AddItemView.swift */; };
		31B5E99C2C2C1936005394AF /* HomeView.swift in Sources */ = {isa = PBXBuildFile; fileRef = 31B5E99B2C2C1936005394AF /* HomeView.swift */; };
/* End PBXBuildFile section */

/* Begin PBXContainerItemProxy section */
		31AA67D02C31693B007C7E8C /* PBXContainerItemProxy */ = {
			isa = PBXContainerItemProxy;
			containerPortal = 31B5E9612C2C1396005394AF /* Project object */;
			proxyType = 1;
			remoteGlobalIDString = 31AA67C82C31693B007C7E8C;
			remoteInfo = ContentBlocker;
		};
		31B5E97A2C2C1397005394AF /* PBXContainerItemProxy */ = {
			isa = PBXContainerItemProxy;
			containerPortal = 31B5E9612C2C1396005394AF /* Project object */;
			proxyType = 1;
			remoteGlobalIDString = 31B5E9682C2C1396005394AF;
			remoteInfo = BlockWebsite;
		};
		31B5E9842C2C1397005394AF /* PBXContainerItemProxy */ = {
			isa = PBXContainerItemProxy;
			containerPortal = 31B5E9612C2C1396005394AF /* Project object */;
			proxyType = 1;
			remoteGlobalIDString = 31B5E9682C2C1396005394AF;
			remoteInfo = BlockWebsite;
		};
/* End PBXContainerItemProxy section */

/* Begin PBXCopyFilesBuildPhase section */
		31AA67D32C31693B007C7E8C /* Embed Foundation Extensions */ = {
			isa = PBXCopyFilesBuildPhase;
			buildActionMask = 2147483647;
			dstPath = "";
			dstSubfolderSpec = 13;
			files = (
				31AA67D22C31693B007C7E8C /* ContentBlocker.appex in Embed Foundation Extensions */,
			);
			name = "Embed Foundation Extensions";
			runOnlyForDeploymentPostprocessing = 0;
		};
/* End PBXCopyFilesBuildPhase section */

/* Begin PBXFileReference section */
		311CF1402C2F0B1F0038B35D /* AddWebsite.swift */ = {isa = PBXFileReference; lastKnownFileType = sourcecode.swift; path = AddWebsite.swift; sourceTree = "<group>"; };
		311CF1422C2F0BDF0038B35D /* PopupView.swift */ = {isa = PBXFileReference; lastKnownFileType = sourcecode.swift; path = PopupView.swift; sourceTree = "<group>"; };
		31AA67C92C31693B007C7E8C /* ContentBlocker.appex */ = {isa = PBXFileReference; explicitFileType = "wrapper.app-extension"; includeInIndex = 0; path = ContentBlocker.appex; sourceTree = BUILT_PRODUCTS_DIR; };
		31AA67CB2C31693B007C7E8C /* blockerList.json */ = {isa = PBXFileReference; lastKnownFileType = text.json; path = blockerList.json; sourceTree = "<group>"; };
		31AA67CD2C31693B007C7E8C /* ContentBlockerRequestHandler.swift */ = {isa = PBXFileReference; lastKnownFileType = sourcecode.swift; path = ContentBlockerRequestHandler.swift; sourceTree = "<group>"; };
		31AA67CF2C31693B007C7E8C /* Info.plist */ = {isa = PBXFileReference; lastKnownFileType = text.plist.xml; path = Info.plist; sourceTree = "<group>"; };
		31B5E9692C2C1396005394AF /* BlockWebsite.app */ = {isa = PBXFileReference; explicitFileType = wrapper.application; includeInIndex = 0; path = BlockWebsite.app; sourceTree = BUILT_PRODUCTS_DIR; };
		31B5E96C2C2C1396005394AF /* BlockWebsiteApp.swift */ = {isa = PBXFileReference; lastKnownFileType = sourcecode.swift; path = BlockWebsiteApp.swift; sourceTree = "<group>"; };
		31B5E96E2C2C1396005394AF /* ContentView.swift */ = {isa = PBXFileReference; lastKnownFileType = sourcecode.swift; path = ContentView.swift; sourceTree = "<group>"; };
		31B5E9702C2C1397005394AF /* Assets.xcassets */ = {isa = PBXFileReference; lastKnownFileType = folder.assetcatalog; path = Assets.xcassets; sourceTree = "<group>"; };
		31B5E9732C2C1397005394AF /* Preview Assets.xcassets */ = {isa = PBXFileReference; lastKnownFileType = folder.assetcatalog; path = "Preview Assets.xcassets"; sourceTree = "<group>"; };
		31B5E9792C2C1397005394AF /* BlockWebsiteTests.xctest */ = {isa = PBXFileReference; explicitFileType = wrapper.cfbundle; includeInIndex = 0; path = BlockWebsiteTests.xctest; sourceTree = BUILT_PRODUCTS_DIR; };
		31B5E97D2C2C1397005394AF /* BlockWebsiteTests.swift */ = {isa = PBXFileReference; lastKnownFileType = sourcecode.swift; path = BlockWebsiteTests.swift; sourceTree = "<group>"; };
		31B5E9832C2C1397005394AF /* BlockWebsiteUITests.xctest */ = {isa = PBXFileReference; explicitFileType = wrapper.cfbundle; includeInIndex = 0; path = BlockWebsiteUITests.xctest; sourceTree = BUILT_PRODUCTS_DIR; };
		31B5E9872C2C1397005394AF /* BlockWebsiteUITests.swift */ = {isa = PBXFileReference; lastKnownFileType = sourcecode.swift; path = BlockWebsiteUITests.swift; sourceTree = "<group>"; };
		31B5E9892C2C1397005394AF /* BlockWebsiteUITestsLaunchTests.swift */ = {isa = PBXFileReference; lastKnownFileType = sourcecode.swift; path = BlockWebsiteUITestsLaunchTests.swift; sourceTree = "<group>"; };
		31B5E9972C2C180F005394AF /* MoreView.swift */ = {isa = PBXFileReference; lastKnownFileType = sourcecode.swift; path = MoreView.swift; sourceTree = "<group>"; };
		31B5E9992C2C1851005394AF /* AddItemView.swift */ = {isa = PBXFileReference; lastKnownFileType = sourcecode.swift; path = AddItemView.swift; sourceTree = "<group>"; };
		31B5E99B2C2C1936005394AF /* HomeView.swift */ = {isa = PBXFileReference; lastKnownFileType = sourcecode.swift; path = HomeView.swift; sourceTree = "<group>"; };
/* End PBXFileReference section */

/* Begin PBXFrameworksBuildPhase section */
		31AA67C62C31693B007C7E8C /* Frameworks */ = {
			isa = PBXFrameworksBuildPhase;
			buildActionMask = 2147483647;
			files = (
			);
			runOnlyForDeploymentPostprocessing = 0;
		};
		31B5E9662C2C1396005394AF /* Frameworks */ = {
			isa = PBXFrameworksBuildPhase;
			buildActionMask = 2147483647;
			files = (
			);
			runOnlyForDeploymentPostprocessing = 0;
		};
		31B5E9762C2C1397005394AF /* Frameworks */ = {
			isa = PBXFrameworksBuildPhase;
			buildActionMask = 2147483647;
			files = (
			);
			runOnlyForDeploymentPostprocessing = 0;
		};
		31B5E9802C2C1397005394AF /* Frameworks */ = {
			isa = PBXFrameworksBuildPhase;
			buildActionMask = 2147483647;
			files = (
			);
			runOnlyForDeploymentPostprocessing = 0;
		};
/* End PBXFrameworksBuildPhase section */

/* Begin PBXGroup section */
		31AA67CA2C31693B007C7E8C /* ContentBlocker */ = {
			isa = PBXGroup;
			children = (
				31AA67CB2C31693B007C7E8C /* blockerList.json */,
				31AA67CD2C31693B007C7E8C /* ContentBlockerRequestHandler.swift */,
				31AA67CF2C31693B007C7E8C /* Info.plist */,
			);
			path = ContentBlocker;
			sourceTree = "<group>";
		};
		31B5E9602C2C1396005394AF = {
			isa = PBXGroup;
			children = (
				311CF1402C2F0B1F0038B35D /* AddWebsite.swift */,
				31B5E96B2C2C1396005394AF /* BlockWebsite */,
				31B5E97C2C2C1397005394AF /* BlockWebsiteTests */,
				31B5E9862C2C1397005394AF /* BlockWebsiteUITests */,
				31AA67CA2C31693B007C7E8C /* ContentBlocker */,
				31B5E96A2C2C1396005394AF /* Products */,
			);
			sourceTree = "<group>";
		};
		31B5E96A2C2C1396005394AF /* Products */ = {
			isa = PBXGroup;
			children = (
				31B5E9692C2C1396005394AF /* BlockWebsite.app */,
				31B5E9792C2C1397005394AF /* BlockWebsiteTests.xctest */,
				31B5E9832C2C1397005394AF /* BlockWebsiteUITests.xctest */,
				31AA67C92C31693B007C7E8C /* ContentBlocker.appex */,
			);
			name = Products;
			sourceTree = "<group>";
		};
		31B5E96B2C2C1396005394AF /* BlockWebsite */ = {
			isa = PBXGroup;
			children = (
				31B5E96C2C2C1396005394AF /* BlockWebsiteApp.swift */,
				31B5E96E2C2C1396005394AF /* ContentView.swift */,
				31B5E9962C2C17E2005394AF /* Views */,
				31B5E9702C2C1397005394AF /* Assets.xcassets */,
				31B5E9722C2C1397005394AF /* Preview Content */,
			);
			path = BlockWebsite;
			sourceTree = "<group>";
		};
		31B5E9722C2C1397005394AF /* Preview Content */ = {
			isa = PBXGroup;
			children = (
				31B5E9732C2C1397005394AF /* Preview Assets.xcassets */,
			);
			path = "Preview Content";
			sourceTree = "<group>";
		};
		31B5E97C2C2C1397005394AF /* BlockWebsiteTests */ = {
			isa = PBXGroup;
			children = (
				31B5E97D2C2C1397005394AF /* BlockWebsiteTests.swift */,
			);
			path = BlockWebsiteTests;
			sourceTree = "<group>";
		};
		31B5E9862C2C1397005394AF /* BlockWebsiteUITests */ = {
			isa = PBXGroup;
			children = (
				31B5E9872C2C1397005394AF /* BlockWebsiteUITests.swift */,
				31B5E9892C2C1397005394AF /* BlockWebsiteUITestsLaunchTests.swift */,
			);
			path = BlockWebsiteUITests;
			sourceTree = "<group>";
		};
		31B5E9962C2C17E2005394AF /* Views */ = {
			isa = PBXGroup;
			children = (
				31B5E9972C2C180F005394AF /* MoreView.swift */,
				31B5E9992C2C1851005394AF /* AddItemView.swift */,
				31B5E99B2C2C1936005394AF /* HomeView.swift */,
				311CF1422C2F0BDF0038B35D /* PopupView.swift */,
			);
			path = Views;
			sourceTree = "<group>";
		};
/* End PBXGroup section */

/* Begin PBXNativeTarget section */
		31AA67C82C31693B007C7E8C /* ContentBlocker */ = {
			isa = PBXNativeTarget;
			buildConfigurationList = 31AA67D62C31693B007C7E8C /* Build configuration list for PBXNativeTarget "ContentBlocker" */;
			buildPhases = (
				31AA67C52C31693B007C7E8C /* Sources */,
				31AA67C62C31693B007C7E8C /* Frameworks */,
				31AA67C72C31693B007C7E8C /* Resources */,
			);
			buildRules = (
			);
			dependencies = (
			);
			name = ContentBlocker;
			productName = ContentBlocker;
			productReference = 31AA67C92C31693B007C7E8C /* ContentBlocker.appex */;
			productType = "com.apple.product-type.app-extension";
		};
		31B5E9682C2C1396005394AF /* BlockWebsite */ = {
			isa = PBXNativeTarget;
			buildConfigurationList = 31B5E98D2C2C1397005394AF /* Build configuration list for PBXNativeTarget "BlockWebsite" */;
			buildPhases = (
				31B5E9652C2C1396005394AF /* Sources */,
				31B5E9662C2C1396005394AF /* Frameworks */,
				31B5E9672C2C1396005394AF /* Resources */,
				31AA67D32C31693B007C7E8C /* Embed Foundation Extensions */,
			);
			buildRules = (
			);
			dependencies = (
				31AA67D12C31693B007C7E8C /* PBXTargetDependency */,
			);
			name = BlockWebsite;
			productName = BlockWebsite;
			productReference = 31B5E9692C2C1396005394AF /* BlockWebsite.app */;
			productType = "com.apple.product-type.application";
		};
		31B5E9782C2C1397005394AF /* BlockWebsiteTests */ = {
			isa = PBXNativeTarget;
			buildConfigurationList = 31B5E9902C2C1397005394AF /* Build configuration list for PBXNativeTarget "BlockWebsiteTests" */;
			buildPhases = (
				31B5E9752C2C1397005394AF /* Sources */,
				31B5E9762C2C1397005394AF /* Frameworks */,
				31B5E9772C2C1397005394AF /* Resources */,
			);
			buildRules = (
			);
			dependencies = (
				31B5E97B2C2C1397005394AF /* PBXTargetDependency */,
			);
			name = BlockWebsiteTests;
			productName = BlockWebsiteTests;
			productReference = 31B5E9792C2C1397005394AF /* BlockWebsiteTests.xctest */;
			productType = "com.apple.product-type.bundle.unit-test";
		};
		31B5E9822C2C1397005394AF /* BlockWebsiteUITests */ = {
			isa = PBXNativeTarget;
			buildConfigurationList = 31B5E9932C2C1397005394AF /* Build configuration list for PBXNativeTarget "BlockWebsiteUITests" */;
			buildPhases = (
				31B5E97F2C2C1397005394AF /* Sources */,
				31B5E9802C2C1397005394AF /* Frameworks */,
				31B5E9812C2C1397005394AF /* Resources */,
			);
			buildRules = (
			);
			dependencies = (
				31B5E9852C2C1397005394AF /* PBXTargetDependency */,
			);
			name = BlockWebsiteUITests;
			productName = BlockWebsiteUITests;
			productReference = 31B5E9832C2C1397005394AF /* BlockWebsiteUITests.xctest */;
			productType = "com.apple.product-type.bundle.ui-testing";
		};
/* End PBXNativeTarget section */

/* Begin PBXProject section */
		31B5E9612C2C1396005394AF /* Project object */ = {
			isa = PBXProject;
			attributes = {
				BuildIndependentTargetsInParallel = 1;
				LastSwiftUpdateCheck = 1540;
				LastUpgradeCheck = 1540;
				TargetAttributes = {
					31AA67C82C31693B007C7E8C = {
						CreatedOnToolsVersion = 15.4;
					};
					31B5E9682C2C1396005394AF = {
						CreatedOnToolsVersion = 15.4;
					};
					31B5E9782C2C1397005394AF = {
						CreatedOnToolsVersion = 15.4;
						TestTargetID = 31B5E9682C2C1396005394AF;
					};
					31B5E9822C2C1397005394AF = {
						CreatedOnToolsVersion = 15.4;
						TestTargetID = 31B5E9682C2C1396005394AF;
					};
				};
			};
			buildConfigurationList = 31B5E9642C2C1396005394AF /* Build configuration list for PBXProject "BlockWebsite" */;
			compatibilityVersion = "Xcode 14.0";
			developmentRegion = en;
			hasScannedForEncodings = 0;
			knownRegions = (
				en,
				Base,
			);
			mainGroup = 31B5E9602C2C1396005394AF;
			productRefGroup = 31B5E96A2C2C1396005394AF /* Products */;
			projectDirPath = "";
			projectRoot = "";
			targets = (
				31B5E9682C2C1396005394AF /* BlockWebsite */,
				31B5E9782C2C1397005394AF /* BlockWebsiteTests */,
				31B5E9822C2C1397005394AF /* BlockWebsiteUITests */,
				31AA67C82C31693B007C7E8C /* ContentBlocker */,
			);
		};
/* End PBXProject section */

/* Begin PBXResourcesBuildPhase section */
		31AA67C72C31693B007C7E8C /* Resources */ = {
			isa = PBXResourcesBuildPhase;
			buildActionMask = 2147483647;
			files = (
				31AA67CC2C31693B007C7E8C /* blockerList.json in Resources */,
			);
			runOnlyForDeploymentPostprocessing = 0;
		};
		31B5E9672C2C1396005394AF /* Resources */ = {
			isa = PBXResourcesBuildPhase;
			buildActionMask = 2147483647;
			files = (
				31B5E9742C2C1397005394AF /* Preview Assets.xcassets in Resources */,
				31B5E9712C2C1397005394AF /* Assets.xcassets in Resources */,
			);
			runOnlyForDeploymentPostprocessing = 0;
		};
		31B5E9772C2C1397005394AF /* Resources */ = {
			isa = PBXResourcesBuildPhase;
			buildActionMask = 2147483647;
			files = (
			);
			runOnlyForDeploymentPostprocessing = 0;
		};
		31B5E9812C2C1397005394AF /* Resources */ = {
			isa = PBXResourcesBuildPhase;
			buildActionMask = 2147483647;
			files = (
			);
			runOnlyForDeploymentPostprocessing = 0;
		};
/* End PBXResourcesBuildPhase section */

/* Begin PBXSourcesBuildPhase section */
		31AA67C52C31693B007C7E8C /* Sources */ = {
			isa = PBXSourcesBuildPhase;
			buildActionMask = 2147483647;
			files = (
				31AA67CE2C31693B007C7E8C /* ContentBlockerRequestHandler.swift in Sources */,
			);
			runOnlyForDeploymentPostprocessing = 0;
		};
		31B5E9652C2C1396005394AF /* Sources */ = {
			isa = PBXSourcesBuildPhase;
			buildActionMask = 2147483647;
			files = (
				311CF1432C2F0BDF0038B35D /* PopupView.swift in Sources */,
				31B5E96F2C2C1396005394AF /* ContentView.swift in Sources */,
				31B5E9982C2C180F005394AF /* MoreView.swift in Sources */,
				31B5E96D2C2C1396005394AF /* BlockWebsiteApp.swift in Sources */,
				31B5E99C2C2C1936005394AF /* HomeView.swift in Sources */,
				31B5E99A2C2C1851005394AF /* AddItemView.swift in Sources */,
				311CF1412C2F0B1F0038B35D /* AddWebsite.swift in Sources */,
			);
			runOnlyForDeploymentPostprocessing = 0;
		};
		31B5E9752C2C1397005394AF /* Sources */ = {
			isa = PBXSourcesBuildPhase;
			buildActionMask = 2147483647;
			files = (
				31B5E97E2C2C1397005394AF /* BlockWebsiteTests.swift in Sources */,
			);
			runOnlyForDeploymentPostprocessing = 0;
		};
		31B5E97F2C2C1397005394AF /* Sources */ = {
			isa = PBXSourcesBuildPhase;
			buildActionMask = 2147483647;
			files = (
				31B5E98A2C2C1397005394AF /* BlockWebsiteUITestsLaunchTests.swift in Sources */,
				31B5E9882C2C1397005394AF /* BlockWebsiteUITests.swift in Sources */,
			);
			runOnlyForDeploymentPostprocessing = 0;
		};
/* End PBXSourcesBuildPhase section */

/* Begin PBXTargetDependency section */
		31AA67D12C31693B007C7E8C /* PBXTargetDependency */ = {
			isa = PBXTargetDependency;
			target = 31AA67C82C31693B007C7E8C /* ContentBlocker */;
			targetProxy = 31AA67D02C31693B007C7E8C /* PBXContainerItemProxy */;
		};
		31B5E97B2C2C1397005394AF /* PBXTargetDependency */ = {
			isa = PBXTargetDependency;
			target = 31B5E9682C2C1396005394AF /* BlockWebsite */;
			targetProxy = 31B5E97A2C2C1397005394AF /* PBXContainerItemProxy */;
		};
		31B5E9852C2C1397005394AF /* PBXTargetDependency */ = {
			isa = PBXTargetDependency;
			target = 31B5E9682C2C1396005394AF /* BlockWebsite */;
			targetProxy = 31B5E9842C2C1397005394AF /* PBXContainerItemProxy */;
		};
/* End PBXTargetDependency section */

/* Begin XCBuildConfiguration section */
		31AA67D42C31693B007C7E8C /* Debug */ = {
			isa = XCBuildConfiguration;
			buildSettings = {
				ARCHS = "$(ARCHS_STANDARD_64_BIT)";
				CODE_SIGN_STYLE = Automatic;
				CURRENT_PROJECT_VERSION = 1;
				GENERATE_INFOPLIST_FILE = YES;
				INFOPLIST_FILE = ContentBlocker/Info.plist;
				INFOPLIST_KEY_CFBundleDisplayName = ContentBlocker;
				INFOPLIST_KEY_NSHumanReadableCopyright = "";
				LD_RUNPATH_SEARCH_PATHS = (
					"$(inherited)",
					"@executable_path/Frameworks",
					"@executable_path/../../Frameworks",
				);
				MARKETING_VERSION = 1.0;
				PRODUCT_BUNDLE_IDENTIFIER = com.ns.BlockWebsite.ContentBlocker;
				PRODUCT_NAME = "$(TARGET_NAME)";
				SKIP_INSTALL = YES;
				SWIFT_EMIT_LOC_STRINGS = YES;
				SWIFT_VERSION = 5.0;
				TARGETED_DEVICE_FAMILY = "1,2";
			};
			name = Debug;
		};
		31AA67D52C31693B007C7E8C /* Release */ = {
			isa = XCBuildConfiguration;
			buildSettings = {
				ARCHS = "$(ARCHS_STANDARD_64_BIT)";
				CODE_SIGN_STYLE = Automatic;
				CURRENT_PROJECT_VERSION = 1;
				GENERATE_INFOPLIST_FILE = YES;
				INFOPLIST_FILE = ContentBlocker/Info.plist;
				INFOPLIST_KEY_CFBundleDisplayName = ContentBlocker;
				INFOPLIST_KEY_NSHumanReadableCopyright = "";
				LD_RUNPATH_SEARCH_PATHS = (
					"$(inherited)",
					"@executable_path/Frameworks",
					"@executable_path/../../Frameworks",
				);
				MARKETING_VERSION = 1.0;
				PRODUCT_BUNDLE_IDENTIFIER = com.ns.BlockWebsite.ContentBlocker;
				PRODUCT_NAME = "$(TARGET_NAME)";
				SKIP_INSTALL = YES;
				SWIFT_EMIT_LOC_STRINGS = YES;
				SWIFT_VERSION = 5.0;
				TARGETED_DEVICE_FAMILY = "1,2";
			};
			name = Release;
		};
		31B5E98B2C2C1397005394AF /* Debug */ = {
			isa = XCBuildConfiguration;
			buildSettings = {
				ALWAYS_SEARCH_USER_PATHS = NO;
				ASSETCATALOG_COMPILER_GENERATE_SWIFT_ASSET_SYMBOL_EXTENSIONS = YES;
				CLANG_ANALYZER_NONNULL = YES;
				CLANG_ANALYZER_NUMBER_OBJECT_CONVERSION = YES_AGGRESSIVE;
				CLANG_CXX_LANGUAGE_STANDARD = "gnu++20";
				CLANG_ENABLE_MODULES = YES;
				CLANG_ENABLE_OBJC_ARC = YES;
				CLANG_ENABLE_OBJC_WEAK = YES;
				CLANG_WARN_BLOCK_CAPTURE_AUTORELEASING = YES;
				CLANG_WARN_BOOL_CONVERSION = YES;
				CLANG_WARN_COMMA = YES;
				CLANG_WARN_CONSTANT_CONVERSION = YES;
				CLANG_WARN_DEPRECATED_OBJC_IMPLEMENTATIONS = YES;
				CLANG_WARN_DIRECT_OBJC_ISA_USAGE = YES_ERROR;
				CLANG_WARN_DOCUMENTATION_COMMENTS = YES;
				CLANG_WARN_EMPTY_BODY = YES;
				CLANG_WARN_ENUM_CONVERSION = YES;
				CLANG_WARN_INFINITE_RECURSION = YES;
				CLANG_WARN_INT_CONVERSION = YES;
				CLANG_WARN_NON_LITERAL_NULL_CONVERSION = YES;
				CLANG_WARN_OBJC_IMPLICIT_RETAIN_SELF = YES;
				CLANG_WARN_OBJC_LITERAL_CONVERSION = YES;
				CLANG_WARN_OBJC_ROOT_CLASS = YES_ERROR;
				CLANG_WARN_QUOTED_INCLUDE_IN_FRAMEWORK_HEADER = YES;
				CLANG_WARN_RANGE_LOOP_ANALYSIS = YES;
				CLANG_WARN_STRICT_PROTOTYPES = YES;
				CLANG_WARN_SUSPICIOUS_MOVE = YES;
				CLANG_WARN_UNGUARDED_AVAILABILITY = YES_AGGRESSIVE;
				CLANG_WARN_UNREACHABLE_CODE = YES;
				CLANG_WARN__DUPLICATE_METHOD_MATCH = YES;
				COPY_PHASE_STRIP = NO;
				DEBUG_INFORMATION_FORMAT = dwarf;
				ENABLE_STRICT_OBJC_MSGSEND = YES;
				ENABLE_TESTABILITY = YES;
				ENABLE_USER_SCRIPT_SANDBOXING = YES;
				GCC_C_LANGUAGE_STANDARD = gnu17;
				GCC_DYNAMIC_NO_PIC = NO;
				GCC_NO_COMMON_BLOCKS = YES;
				GCC_OPTIMIZATION_LEVEL = 0;
				GCC_PREPROCESSOR_DEFINITIONS = (
					"DEBUG=1",
					"$(inherited)",
				);
				GCC_WARN_64_TO_32_BIT_CONVERSION = YES;
				GCC_WARN_ABOUT_RETURN_TYPE = YES_ERROR;
				GCC_WARN_UNDECLARED_SELECTOR = YES;
				GCC_WARN_UNINITIALIZED_AUTOS = YES_AGGRESSIVE;
				GCC_WARN_UNUSED_FUNCTION = YES;
				GCC_WARN_UNUSED_VARIABLE = YES;
				IPHONEOS_DEPLOYMENT_TARGET = 17.5;
				LOCALIZATION_PREFERS_STRING_CATALOGS = YES;
				MTL_ENABLE_DEBUG_INFO = INCLUDE_SOURCE;
				MTL_FAST_MATH = YES;
				ONLY_ACTIVE_ARCH = YES;
				SDKROOT = iphoneos;
				SWIFT_ACTIVE_COMPILATION_CONDITIONS = "DEBUG $(inherited)";
				SWIFT_OPTIMIZATION_LEVEL = "-Onone";
			};
			name = Debug;
		};
		31B5E98C2C2C1397005394AF /* Release */ = {
			isa = XCBuildConfiguration;
			buildSettings = {
				ALWAYS_SEARCH_USER_PATHS = NO;
				ASSETCATALOG_COMPILER_GENERATE_SWIFT_ASSET_SYMBOL_EXTENSIONS = YES;
				CLANG_ANALYZER_NONNULL = YES;
				CLANG_ANALYZER_NUMBER_OBJECT_CONVERSION = YES_AGGRESSIVE;
				CLANG_CXX_LANGUAGE_STANDARD = "gnu++20";
				CLANG_ENABLE_MODULES = YES;
				CLANG_ENABLE_OBJC_ARC = YES;
				CLANG_ENABLE_OBJC_WEAK = YES;
				CLANG_WARN_BLOCK_CAPTURE_AUTORELEASING = YES;
				CLANG_WARN_BOOL_CONVERSION = YES;
				CLANG_WARN_COMMA = YES;
				CLANG_WARN_CONSTANT_CONVERSION = YES;
				CLANG_WARN_DEPRECATED_OBJC_IMPLEMENTATIONS = YES;
				CLANG_WARN_DIRECT_OBJC_ISA_USAGE = YES_ERROR;
				CLANG_WARN_DOCUMENTATION_COMMENTS = YES;
				CLANG_WARN_EMPTY_BODY = YES;
				CLANG_WARN_ENUM_CONVERSION = YES;
				CLANG_WARN_INFINITE_RECURSION = YES;
				CLANG_WARN_INT_CONVERSION = YES;
				CLANG_WARN_NON_LITERAL_NULL_CONVERSION = YES;
				CLANG_WARN_OBJC_IMPLICIT_RETAIN_SELF = YES;
				CLANG_WARN_OBJC_LITERAL_CONVERSION = YES;
				CLANG_WARN_OBJC_ROOT_CLASS = YES_ERROR;
				CLANG_WARN_QUOTED_INCLUDE_IN_FRAMEWORK_HEADER = YES;
				CLANG_WARN_RANGE_LOOP_ANALYSIS = YES;
				CLANG_WARN_STRICT_PROTOTYPES = YES;
				CLANG_WARN_SUSPICIOUS_MOVE = YES;
				CLANG_WARN_UNGUARDED_AVAILABILITY = YES_AGGRESSIVE;
				CLANG_WARN_UNREACHABLE_CODE = YES;
				CLANG_WARN__DUPLICATE_METHOD_MATCH = YES;
				COPY_PHASE_STRIP = NO;
				DEBUG_INFORMATION_FORMAT = "dwarf-with-dsym";
				ENABLE_NS_ASSERTIONS = NO;
				ENABLE_STRICT_OBJC_MSGSEND = YES;
				ENABLE_USER_SCRIPT_SANDBOXING = YES;
				GCC_C_LANGUAGE_STANDARD = gnu17;
				GCC_NO_COMMON_BLOCKS = YES;
				GCC_WARN_64_TO_32_BIT_CONVERSION = YES;
				GCC_WARN_ABOUT_RETURN_TYPE = YES_ERROR;
				GCC_WARN_UNDECLARED_SELECTOR = YES;
				GCC_WARN_UNINITIALIZED_AUTOS = YES_AGGRESSIVE;
				GCC_WARN_UNUSED_FUNCTION = YES;
				GCC_WARN_UNUSED_VARIABLE = YES;
				IPHONEOS_DEPLOYMENT_TARGET = 17.5;
				LOCALIZATION_PREFERS_STRING_CATALOGS = YES;
				MTL_ENABLE_DEBUG_INFO = NO;
				MTL_FAST_MATH = YES;
				SDKROOT = iphoneos;
				SWIFT_COMPILATION_MODE = wholemodule;
				VALIDATE_PRODUCT = YES;
			};
			name = Release;
		};
		31B5E98E2C2C1397005394AF /* Debug */ = {
			isa = XCBuildConfiguration;
			buildSettings = {
				ALWAYS_EMBED_SWIFT_STANDARD_LIBRARIES = YES;
				ASSETCATALOG_COMPILER_APPICON_NAME = AppIcon;
				ASSETCATALOG_COMPILER_GLOBAL_ACCENT_COLOR_NAME = AccentColor;
				CODE_SIGN_STYLE = Automatic;
				CURRENT_PROJECT_VERSION = 1;
				DEVELOPMENT_ASSET_PATHS = "\"BlockWebsite/Preview Content\"";
				ENABLE_PREVIEWS = YES;
				GENERATE_INFOPLIST_FILE = YES;
				INFOPLIST_KEY_UIApplicationSceneManifest_Generation = YES;
				INFOPLIST_KEY_UIApplicationSupportsIndirectInputEvents = YES;
				INFOPLIST_KEY_UILaunchScreen_Generation = YES;
				INFOPLIST_KEY_UISupportedInterfaceOrientations_iPad = "UIInterfaceOrientationPortrait UIInterfaceOrientationPortraitUpsideDown UIInterfaceOrientationLandscapeLeft UIInterfaceOrientationLandscapeRight";
				INFOPLIST_KEY_UISupportedInterfaceOrientations_iPhone = "UIInterfaceOrientationPortrait UIInterfaceOrientationLandscapeLeft UIInterfaceOrientationLandscapeRight";
				LD_RUNPATH_SEARCH_PATHS = (
					"$(inherited)",
					"@executable_path/Frameworks",
				);
				MARKETING_VERSION = 1.0;
				PRODUCT_BUNDLE_IDENTIFIER = com.ns.BlockWebsite;
				PRODUCT_NAME = "$(TARGET_NAME)";
				SWIFT_EMIT_LOC_STRINGS = YES;
				SWIFT_VERSION = 5.0;
				TARGETED_DEVICE_FAMILY = "1,2";
			};
			name = Debug;
		};
		31B5E98F2C2C1397005394AF /* Release */ = {
			isa = XCBuildConfiguration;
			buildSettings = {
				ALWAYS_EMBED_SWIFT_STANDARD_LIBRARIES = YES;
				ASSETCATALOG_COMPILER_APPICON_NAME = AppIcon;
				ASSETCATALOG_COMPILER_GLOBAL_ACCENT_COLOR_NAME = AccentColor;
				CODE_SIGN_STYLE = Automatic;
				CURRENT_PROJECT_VERSION = 1;
				DEVELOPMENT_ASSET_PATHS = "\"BlockWebsite/Preview Content\"";
				ENABLE_PREVIEWS = YES;
				GENERATE_INFOPLIST_FILE = YES;
				INFOPLIST_KEY_UIApplicationSceneManifest_Generation = YES;
				INFOPLIST_KEY_UIApplicationSupportsIndirectInputEvents = YES;
				INFOPLIST_KEY_UILaunchScreen_Generation = YES;
				INFOPLIST_KEY_UISupportedInterfaceOrientations_iPad = "UIInterfaceOrientationPortrait UIInterfaceOrientationPortraitUpsideDown UIInterfaceOrientationLandscapeLeft UIInterfaceOrientationLandscapeRight";
				INFOPLIST_KEY_UISupportedInterfaceOrientations_iPhone = "UIInterfaceOrientationPortrait UIInterfaceOrientationLandscapeLeft UIInterfaceOrientationLandscapeRight";
				LD_RUNPATH_SEARCH_PATHS = (
					"$(inherited)",
					"@executable_path/Frameworks",
				);
				MARKETING_VERSION = 1.0;
				PRODUCT_BUNDLE_IDENTIFIER = com.ns.BlockWebsite;
				PRODUCT_NAME = "$(TARGET_NAME)";
				SWIFT_EMIT_LOC_STRINGS = YES;
				SWIFT_VERSION = 5.0;
				TARGETED_DEVICE_FAMILY = "1,2";
			};
			name = Release;
		};
		31B5E9912C2C1397005394AF /* Debug */ = {
			isa = XCBuildConfiguration;
			buildSettings = {
				ALWAYS_EMBED_SWIFT_STANDARD_LIBRARIES = YES;
				BUNDLE_LOADER = "$(TEST_HOST)";
				CODE_SIGN_STYLE = Automatic;
				CURRENT_PROJECT_VERSION = 1;
				GENERATE_INFOPLIST_FILE = YES;
				IPHONEOS_DEPLOYMENT_TARGET = 17.5;
				MARKETING_VERSION = 1.0;
				PRODUCT_BUNDLE_IDENTIFIER = com.ns.BlockWebsiteTests;
				PRODUCT_NAME = "$(TARGET_NAME)";
				SWIFT_EMIT_LOC_STRINGS = NO;
				SWIFT_VERSION = 5.0;
				TARGETED_DEVICE_FAMILY = "1,2";
				TEST_HOST = "$(BUILT_PRODUCTS_DIR)/BlockWebsite.app/$(BUNDLE_EXECUTABLE_FOLDER_PATH)/BlockWebsite";
			};
			name = Debug;
		};
		31B5E9922C2C1397005394AF /* Release */ = {
			isa = XCBuildConfiguration;
			buildSettings = {
				ALWAYS_EMBED_SWIFT_STANDARD_LIBRARIES = YES;
				BUNDLE_LOADER = "$(TEST_HOST)";
				CODE_SIGN_STYLE = Automatic;
				CURRENT_PROJECT_VERSION = 1;
				GENERATE_INFOPLIST_FILE = YES;
				IPHONEOS_DEPLOYMENT_TARGET = 17.5;
				MARKETING_VERSION = 1.0;
				PRODUCT_BUNDLE_IDENTIFIER = com.ns.BlockWebsiteTests;
				PRODUCT_NAME = "$(TARGET_NAME)";
				SWIFT_EMIT_LOC_STRINGS = NO;
				SWIFT_VERSION = 5.0;
				TARGETED_DEVICE_FAMILY = "1,2";
				TEST_HOST = "$(BUILT_PRODUCTS_DIR)/BlockWebsite.app/$(BUNDLE_EXECUTABLE_FOLDER_PATH)/BlockWebsite";
			};
			name = Release;
		};
		31B5E9942C2C1397005394AF /* Debug */ = {
			isa = XCBuildConfiguration;
			buildSettings = {
				ALWAYS_EMBED_SWIFT_STANDARD_LIBRARIES = YES;
				CODE_SIGN_STYLE = Automatic;
				CURRENT_PROJECT_VERSION = 1;
				GENERATE_INFOPLIST_FILE = YES;
				MARKETING_VERSION = 1.0;
				PRODUCT_BUNDLE_IDENTIFIER = com.ns.BlockWebsiteUITests;
				PRODUCT_NAME = "$(TARGET_NAME)";
				SWIFT_EMIT_LOC_STRINGS = NO;
				SWIFT_VERSION = 5.0;
				TARGETED_DEVICE_FAMILY = "1,2";
				TEST_TARGET_NAME = BlockWebsite;
			};
			name = Debug;
		};
		31B5E9952C2C1397005394AF /* Release */ = {
			isa = XCBuildConfiguration;
			buildSettings = {
				ALWAYS_EMBED_SWIFT_STANDARD_LIBRARIES = YES;
				CODE_SIGN_STYLE = Automatic;
				CURRENT_PROJECT_VERSION = 1;
				GENERATE_INFOPLIST_FILE = YES;
				MARKETING_VERSION = 1.0;
				PRODUCT_BUNDLE_IDENTIFIER = com.ns.BlockWebsiteUITests;
				PRODUCT_NAME = "$(TARGET_NAME)";
				SWIFT_EMIT_LOC_STRINGS = NO;
				SWIFT_VERSION = 5.0;
				TARGETED_DEVICE_FAMILY = "1,2";
				TEST_TARGET_NAME = BlockWebsite;
			};
			name = Release;
		};
/* End XCBuildConfiguration section */

/* Begin XCConfigurationList section */
		31AA67D62C31693B007C7E8C /* Build configuration list for PBXNativeTarget "ContentBlocker" */ = {
			isa = XCConfigurationList;
			buildConfigurations = (
				31AA67D42C31693B007C7E8C /* Debug */,
				31AA67D52C31693B007C7E8C /* Release */,
			);
			defaultConfigurationIsVisible = 0;
			defaultConfigurationName = Release;
		};
		31B5E9642C2C1396005394AF /* Build configuration list for PBXProject "BlockWebsite" */ = {
			isa = XCConfigurationList;
			buildConfigurations = (
				31B5E98B2C2C1397005394AF /* Debug */,
				31B5E98C2C2C1397005394AF /* Release */,
			);
			defaultConfigurationIsVisible = 0;
			defaultConfigurationName = Release;
		};
		31B5E98D2C2C1397005394AF /* Build configuration list for PBXNativeTarget "BlockWebsite" */ = {
			isa = XCConfigurationList;
			buildConfigurations = (
				31B5E98E2C2C1397005394AF /* Debug */,
				31B5E98F2C2C1397005394AF /* Release */,
			);
			defaultConfigurationIsVisible = 0;
			defaultConfigurationName = Release;
		};
		31B5E9902C2C1397005394AF /* Build configuration list for PBXNativeTarget "BlockWebsiteTests" */ = {
			isa = XCConfigurationList;
			buildConfigurations = (
				31B5E9912C2C1397005394AF /* Debug */,
				31B5E9922C2C1397005394AF /* Release */,
			);
			defaultConfigurationIsVisible = 0;
			defaultConfigurationName = Release;
		};
		31B5E9932C2C1397005394AF /* Build configuration list for PBXNativeTarget "BlockWebsiteUITests" */ = {
			isa = XCConfigurationList;
			buildConfigurations = (
				31B5E9942C2C1397005394AF /* Debug */,
				31B5E9952C2C1397005394AF /* Release */,
			);
			defaultConfigurationIsVisible = 0;
			defaultConfigurationName = Release;
		};
/* End XCConfigurationList section */
	};
	rootObject = 31B5E9612C2C1396005394AF /* Project object */;
}
